
Microsoft Visual Studio Solution File, Format Version 12.00
# Visual Studio 15
VisualStudioVersion = 15.0.27703.2026
MinimumVisualStudioVersion = 10.0.40219.1
Project("{FAE04EC0-301F-11D3-BF4B-00C04F79EFBC}") = "Week40", "Week40\Week40.csproj", "{0900D328-E98C-464A-A326-53429BC97793}"
EndProject
Project("{FAE04EC0-301F-11D3-BF4B-00C04F79EFBC}") = "Week41", "Week41\Week41.csproj", "{BD0A39FD-8A28-44D3-B522-A6D039D803F2}"
EndProject
Global
	GlobalSection(SolutionConfigurationPlatforms) = preSolution
		Debug|Any CPU = Debug|Any CPU
		Release|Any CPU = Release|Any CPU
	EndGlobalSection
	GlobalSection(ProjectConfigurationPlatforms) = postSolution
		{0900D328-E98C-464A-A326-53429BC97793}.Debug|Any CPU.ActiveCfg = Debug|Any CPU
		{0900D328-E98C-464A-A326-53429BC97793}.Debug|Any CPU.Build.0 = Debug|Any CPU
		{0900D328-E98C-464A-A326-53429BC97793}.Release|Any CPU.ActiveCfg = Release|Any CPU
		{0900D328-E98C-464A-A326-53429BC97793}.Release|Any CPU.Build.0 = Release|Any CPU
		{BD0A39FD-8A28-44D3-B522-A6D039D803F2}.Debug|Any CPU.ActiveCfg = Debug|Any CPU
		{BD0A39FD-8A28-44D3-B522-A6D039D803F2}.Debug|Any CPU.Build.0 = Debug|Any CPU
		{BD0A39FD-8A28-44D3-B522-A6D039D803F2}.Release|Any CPU.ActiveCfg = Release|Any CPU
		{BD0A39FD-8A28-44D3-B522-A6D039D803F2}.Release|Any CPU.Build.0 = Release|Any CPU
	EndGlobalSection
	GlobalSection(SolutionProperties) = preSolution
		HideSolutionNode = FALSE
	EndGlobalSection
	GlobalSection(ExtensibilityGlobals) = postSolution
		SolutionGuid = {7457EC40-B76F-464F-8E4F-A99BB93B047F}
	EndGlobalSection
EndGlobal
